github.com/winlabs/gowin32 v0.0.0-20221003142512-0d265587d3c9 h1:U8aCPFEMnxAEyj9IonhMVV1gSL4nzelh8uvoXp0hrq0=
github.com/winlabs/gowin32 v0.0.0-20221003142512-0d265587d3c9/go.mod h1:N51TYkG9JGR5sytj0EoPl31Xg2kuB507lxEmrwSNvfQ=
golang.org/x/sys v0.16.0 h1:xWw16ngr6ZMtmxDyKyIgsE93KNKz5HKmMa3b8ALHidU=
golang.org/x/sys v0.16.0/go.mod h1:/VUhepiaJMQUp4+oa/7Zr1D23ma6VTLIYjOOTFZPUcA=
